{
  "version": "2",
  "remote": {},
  "npm": {
    "specifiers": {
      "@rocket.chat/ui-kit@^0.31.22": "@rocket.chat/ui-kit@0.31.25_@rocket.chat+icons@0.32.0",
      "acorn-walk@8.2.0": "acorn-walk@8.2.0",
      "acorn@8.10.0": "acorn@8.10.0",
      "astring@1.8.6": "astring@1.8.6",
      "jsonrpc-lite@2.2.0": "jsonrpc-lite@2.2.0",
      "stack-trace": "stack-trace@0.0.10",
      "uuid@8.3.2": "uuid@8.3.2"
    },
    "packages": {
      "@rocket.chat/icons@0.32.0": {
        "integrity": "sha512-7yhhELKNLb9kUtXCvau0V+iMXraV2bOsxcPjc/ZtLR5VeeIDTeaflqRWGtLroX6f3bE+J1n5qB5zi8A4YXuH2g==",
        "dependencies": {}
      },
      "@rocket.chat/ui-kit@0.31.25_@rocket.chat+icons@0.32.0": {
        "integrity": "sha512-yTgTKDw9SMlJ6p8n0PDO6zSvox/nHYUrwCIvILQeAK6PvTrgSe/u9CvU7ATTYjnQiQ603yEGR6dxjF4euCGdNA==",
        "dependencies": {
          "@rocket.chat/icons": "@rocket.chat/icons@0.32.0"
        }
      },
      "acorn-walk@8.2.0": {
        "integrity": "sha512-k+iyHEuPgSw6SbuDpGQM+06HQUa04DZ3o+F6CSzXMvvI5KMvnaEqXe+YVe555R9nn6GPt404fos4wcgpw12SDA==",
        "dependencies": {}
      },
      "acorn@8.10.0": {
        "integrity": "sha512-F0SAmZ8iUtS//m8DmCTA0jlh6TDKkHQyK6xc6V4KDTyZKA9dnvX9/3sRTVQrWm79glUAZbnmmNcdYwUIHWVybw==",
        "dependencies": {}
      },
      "astring@1.8.6": {
        "integrity": "sha512-ISvCdHdlTDlH5IpxQJIex7BWBywFWgjJSVdwst+/iQCoEYnyOaQ95+X1JGshuBjGp6nxKUy1jMgE3zPqN7fQdg==",
        "dependencies": {}
      },
      "jsonrpc-lite@2.2.0": {
        "integrity": "sha512-/cbbSxtZWs1O7R4tWqabrCM/t3N8qKUZMAg9IUqpPvUs6UyRvm6pCNYkskyKN/XU0UgffW+NY2ZRr8t0AknX7g==",
        "dependencies": {}
      },
      "stack-trace@0.0.10": {
        "integrity": "sha512-KGzahc7puUKkzyMt+IqAep+TVNbKP+k2Lmwhub39m1AsTSkaDutx56aDCo+HLDzf/D26BIHTJWNiTG1KAJiQCg==",
        "dependencies": {}
      },
      "uuid@8.3.2": {
        "integrity": "sha512-+NYs2QeMWy+GWFOEm9xnn6HCDp0l7QBD7ml8zLUmJ+93Q5NF0NocErnwkTkXVFNiX3/fpC6afS8Dhb/gz7R7eg==",
        "dependencies": {}
      }
    }
  }
}
